
Microsoft Visual Studio Solution File, Format Version 12.00
# Visual Studio 2012
Project("{FAE04EC0-301F-11D3-BF4B-00C04F79EFBC}") = "RescoursesIslemleri", "RescoursesIslemleri\RescoursesIslemleri.csproj", "{F8114421-F539-4F42-B221-0CB12528C189}"
EndProject
Project("{FAE04EC0-301F-11D3-BF4B-00C04F79EFBC}") = "RescoursesLib", "RescoursesLib\RescoursesLib.csproj", "{9D4F1A11-455F-4FDD-B3AC-867298366EF0}"
EndProject
Global
	GlobalSection(SolutionConfigurationPlatforms) = preSolution
		Debug|Any CPU = Debug|Any CPU
		Release|Any CPU = Release|Any CPU
	EndGlobalSection
	GlobalSection(ProjectConfigurationPlatforms) = postSolution
		{F8114421-F539-4F42-B221-0CB12528C189}.Debug|Any CPU.ActiveCfg = Debug|Any CPU
		{F8114421-F539-4F42-B221-0CB12528C189}.Debug|Any CPU.Build.0 = Debug|Any CPU
		{F8114421-F539-4F42-B221-0CB12528C189}.Release|Any CPU.ActiveCfg = Release|Any CPU
		{F8114421-F539-4F42-B221-0CB12528C189}.Release|Any CPU.Build.0 = Release|Any CPU
		{9D4F1A11-455F-4FDD-B3AC-867298366EF0}.Debug|Any CPU.ActiveCfg = Debug|Any CPU
		{9D4F1A11-455F-4FDD-B3AC-867298366EF0}.Debug|Any CPU.Build.0 = Debug|Any CPU
		{9D4F1A11-455F-4FDD-B3AC-867298366EF0}.Release|Any CPU.ActiveCfg = Release|Any CPU
		{9D4F1A11-455F-4FDD-B3AC-867298366EF0}.Release|Any CPU.Build.0 = Release|Any CPU
	EndGlobalSection
	GlobalSection(SolutionProperties) = preSolution
		HideSolutionNode = FALSE
	EndGlobalSection
EndGlobal
